
Microsoft Visual Studio Solution File, Format Version 12.00
# Visual Studio 2013
VisualStudioVersion = 12.0.31101.0
MinimumVisualStudioVersion = 10.0.40219.1
Project("{FAE04EC0-301F-11D3-BF4B-00C04F79EFBC}") = "aspnetmvc_perperunity", "aspnetmvc_perperunity\aspnetmvc_perperunity.csproj", "{874D6FF1-3EC6-4B14-927F-A05AD92E1F44}"
EndProject
Project("{2150E333-8FDC-42A3-9474-1A3956D46DE8}") = "PublishScripts", "PublishScripts", "{00B8CBFD-FCD5-4DB1-8902-C3C1D62088D2}"
	ProjectSection(SolutionItems) = preProject
		PublishScripts\AzureWebsitePublishModule.psm1 = PublishScripts\AzureWebsitePublishModule.psm1
		PublishScripts\Publish-WebApplicationWebsite.ps1 = PublishScripts\Publish-WebApplicationWebsite.ps1
	EndProjectSection
EndProject
Project("{2150E333-8FDC-42A3-9474-1A3956D46DE8}") = "Configurations", "Configurations", "{DAEAD78F-AA2D-4B87-92B6-61D7A066B97B}"
	ProjectSection(SolutionItems) = preProject
		PublishScripts\Configurations\aspnetmvcperperunity-WAWS-dev.json = PublishScripts\Configurations\aspnetmvcperperunity-WAWS-dev.json
	EndProjectSection
EndProject
Global
	GlobalSection(SolutionConfigurationPlatforms) = preSolution
		Debug|Any CPU = Debug|Any CPU
		Release|Any CPU = Release|Any CPU
	EndGlobalSection
	GlobalSection(ProjectConfigurationPlatforms) = postSolution
		{874D6FF1-3EC6-4B14-927F-A05AD92E1F44}.Debug|Any CPU.ActiveCfg = Debug|Any CPU
		{874D6FF1-3EC6-4B14-927F-A05AD92E1F44}.Debug|Any CPU.Build.0 = Debug|Any CPU
		{874D6FF1-3EC6-4B14-927F-A05AD92E1F44}.Release|Any CPU.ActiveCfg = Release|Any CPU
		{874D6FF1-3EC6-4B14-927F-A05AD92E1F44}.Release|Any CPU.Build.0 = Release|Any CPU
	EndGlobalSection
	GlobalSection(SolutionProperties) = preSolution
		HideSolutionNode = FALSE
	EndGlobalSection
	GlobalSection(NestedProjects) = preSolution
		{DAEAD78F-AA2D-4B87-92B6-61D7A066B97B} = {00B8CBFD-FCD5-4DB1-8902-C3C1D62088D2}
	EndGlobalSection
EndGlobal
